// !$*UTF8*$!
{
	archiveVersion = 1;
	classes = {
	};
	objectVersion = 46;
	objects = {

/* Begin PBXAggregateTarget section */
		E92BB5751E0E4AB7006B63D5 /* SDWebImageAgg */ = {
			isa = PBXAggregateTarget;
			buildConfigurationList = E92BB5761E0E4AB7006B63D5 /* Build configuration list for PBXAggregateTarget "SDWebImageAgg" */;
			buildPhases = (
				E92BB5791E0E4AC7006B63D5 /* ShellScript */,
			);
			dependencies = (
			);
			name = SDWebImageAgg;
			productName = SDWebImageAgg;
		};
/* End PBXAggregateTarget section */

/* Begin PBXBuildFile section */
		E9203BD3201AFB7E00B24583 /* UIImage+WebP.m in Sources */ = {isa = PBXBuildFile; fileRef = E9203B99201AFB7E00B24583 /* UIImage+WebP.m */; };
		E9203BD4201AFB7E00B24583 /* MKAnnotationView+WebCache.m in Sources */ = {isa = PBXBuildFile; fileRef = E9203B9A201AFB7E00B24583 /* MKAnnotationView+WebCache.m */; };
		E9203BD5201AFB7E00B24583 /* SDWebImageCoder.h in Headers */ = {isa = PBXBuildFile; fileRef = E9203B9B201AFB7E00B24583 /* SDWebImageCoder.h */; settings = {ATTRIBUTES = (Public, ); }; };
		E9203BD6201AFB7E00B24583 /* NSImage+WebCache.h in Headers */ = {isa = PBXBuildFile; fileRef = E9203B9C201AFB7E00B24583 /* NSImage+WebCache.h */; settings = {ATTRIBUTES = (Public, ); }; };
		E9203BD7201AFB7E00B24583 /* UIImageView+WebCache.h in Headers */ = {isa = PBXBuildFile; fileRef = E9203B9D201AFB7E00B24583 /* UIImageView+WebCache.h */; settings = {ATTRIBUTES = (Public, ); }; };
		E9203BD8201AFB7E00B24583 /* NSData+ImageContentType.h in Headers */ = {isa = PBXBuildFile; fileRef = E9203B9E201AFB7E00B24583 /* NSData+ImageContentType.h */; settings = {ATTRIBUTES = (Public, ); }; };
		E9203BD9201AFB7E00B24583 /* SDWebImageTransition.h in Headers */ = {isa = PBXBuildFile; fileRef = E9203B9F201AFB7E00B24583 /* SDWebImageTransition.h */; settings = {ATTRIBUTES = (Public, ); }; };
		E9203BDA201AFB7E00B24583 /* SDWebImageManager.m in Sources */ = {isa = PBXBuildFile; fileRef = E9203BA0201AFB7E00B24583 /* SDWebImageManager.m */; };
		E9203BDB201AFB7E00B24583 /* SDWebImageDownloaderOperation.h in Headers */ = {isa = PBXBuildFile; fileRef = E9203BA1201AFB7E00B24583 /* SDWebImageDownloaderOperation.h */; settings = {ATTRIBUTES = (Public, ); }; };
		E9203BDC201AFB7E00B24583 /* UIImageView+HighlightedWebCache.m in Sources */ = {isa = PBXBuildFile; fileRef = E9203BA2201AFB7E00B24583 /* UIImageView+HighlightedWebCache.m */; };
		E9203BDD201AFB7E00B24583 /* SDWebImageFrame.m in Sources */ = {isa = PBXBuildFile; fileRef = E9203BA3201AFB7E00B24583 /* SDWebImageFrame.m */; };
		E9203BDE201AFB7E00B24583 /* SDImageCache.h in Headers */ = {isa = PBXBuildFile; fileRef = E9203BA4201AFB7E00B24583 /* SDImageCache.h */; settings = {ATTRIBUTES = (Public, ); }; };
		E9203BDF201AFB7E00B24583 /* UIImage+ForceDecode.m in Sources */ = {isa = PBXBuildFile; fileRef = E9203BA5201AFB7E00B24583 /* UIImage+ForceDecode.m */; };
		E9203BE0201AFB7E00B24583 /* SDImageCacheConfig.h in Headers */ = {isa = PBXBuildFile; fileRef = E9203BA6201AFB7E00B24583 /* SDImageCacheConfig.h */; settings = {ATTRIBUTES = (Public, ); }; };
		E9203BE1201AFB7E00B24583 /* SDWebImageCodersManager.m in Sources */ = {isa = PBXBuildFile; fileRef = E9203BA7201AFB7E00B24583 /* SDWebImageCodersManager.m */; };
		E9203BE2201AFB7E00B24583 /* FLAnimatedImageView+WebCache.m in Sources */ = {isa = PBXBuildFile; fileRef = E9203BA9201AFB7E00B24583 /* FLAnimatedImageView+WebCache.m */; };
		E9203BE3201AFB7E00B24583 /* FLAnimatedImageView+WebCache.h in Headers */ = {isa = PBXBuildFile; fileRef = E9203BAA201AFB7E00B24583 /* FLAnimatedImageView+WebCache.h */; settings = {ATTRIBUTES = (Public, ); }; };
		E9203BE4201AFB7E00B24583 /* SDWebImageDownloader.m in Sources */ = {isa = PBXBuildFile; fileRef = E9203BAB201AFB7E00B24583 /* SDWebImageDownloader.m */; };
		E9203BE5201AFB7E00B24583 /* SDWebImageGIFCoder.h in Headers */ = {isa = PBXBuildFile; fileRef = E9203BAC201AFB7E00B24583 /* SDWebImageGIFCoder.h */; settings = {ATTRIBUTES = (Public, ); }; };
		E9203BE6201AFB7E00B24583 /* SDWebImageWebPCoder.h in Headers */ = {isa = PBXBuildFile; fileRef = E9203BAD201AFB7E00B24583 /* SDWebImageWebPCoder.h */; settings = {ATTRIBUTES = (Public, ); }; };
		E9203BE7201AFB7E00B24583 /* UIImage+GIF.m in Sources */ = {isa = PBXBuildFile; fileRef = E9203BAE201AFB7E00B24583 /* UIImage+GIF.m */; };
		E9203BE8201AFB7E00B24583 /* UIButton+WebCache.h in Headers */ = {isa = PBXBuildFile; fileRef = E9203BAF201AFB7E00B24583 /* UIButton+WebCache.h */; settings = {ATTRIBUTES = (Public, ); }; };
		E9203BE9201AFB7E00B24583 /* UIImage+MultiFormat.m in Sources */ = {isa = PBXBuildFile; fileRef = E9203BB0201AFB7E00B24583 /* UIImage+MultiFormat.m */; };
		E9203BEA201AFB7E00B24583 /* SDWebImageCoderHelper.m in Sources */ = {isa = PBXBuildFile; fileRef = E9203BB1201AFB7E00B24583 /* SDWebImageCoderHelper.m */; };
		E9203BEB201AFB7E00B24583 /* SDWebImageCompat.m in Sources */ = {isa = PBXBuildFile; fileRef = E9203BB2201AFB7E00B24583 /* SDWebImageCompat.m */; };
		E9203BEC201AFB7E00B24583 /* SDWebImageImageIOCoder.h in Headers */ = {isa = PBXBuildFile; fileRef = E9203BB3201AFB7E00B24583 /* SDWebImageImageIOCoder.h */; settings = {ATTRIBUTES = (Public, ); }; };
		E9203BED201AFB7E00B24583 /* SDWebImagePrefetcher.m in Sources */ = {isa = PBXBuildFile; fileRef = E9203BB4201AFB7E00B24583 /* SDWebImagePrefetcher.m */; };
		E9203BEE201AFB7E00B24583 /* UIView+WebCache.h in Headers */ = {isa = PBXBuildFile; fileRef = E9203BB5201AFB7E00B24583 /* UIView+WebCache.h */; settings = {ATTRIBUTES = (Public, ); }; };
		E9203BEF201AFB7E00B24583 /* UIView+WebCacheOperation.h in Headers */ = {isa = PBXBuildFile; fileRef = E9203BB6201AFB7E00B24583 /* UIView+WebCacheOperation.h */; settings = {ATTRIBUTES = (Public, ); }; };
		E9203BF0201AFB7E00B24583 /* SDWebImageCoder.m in Sources */ = {isa = PBXBuildFile; fileRef = E9203BB7201AFB7E00B24583 /* SDWebImageCoder.m */; };
		E9203BF1201AFB7E00B24583 /* MKAnnotationView+WebCache.h in Headers */ = {isa = PBXBuildFile; fileRef = E9203BB8201AFB7E00B24583 /* MKAnnotationView+WebCache.h */; settings = {ATTRIBUTES = (Public, ); }; };
		E9203BF2201AFB7E00B24583 /* UIImage+WebP.h in Headers */ = {isa = PBXBuildFile; fileRef = E9203BB9201AFB7E00B24583 /* UIImage+WebP.h */; settings = {ATTRIBUTES = (Public, ); }; };
		E9203BF3201AFB7E00B24583 /* SDImageCache.m in Sources */ = {isa = PBXBuildFile; fileRef = E9203BBA201AFB7E00B24583 /* SDImageCache.m */; };
		E9203BF4201AFB7E00B24583 /* SDWebImageFrame.h in Headers */ = {isa = PBXBuildFile; fileRef = E9203BBB201AFB7E00B24583 /* SDWebImageFrame.h */; settings = {ATTRIBUTES = (Public, ); }; };
		E9203BF5201AFB7E00B24583 /* UIImageView+HighlightedWebCache.h in Headers */ = {isa = PBXBuildFile; fileRef = E9203BBC201AFB7E00B24583 /* UIImageView+HighlightedWebCache.h */; settings = {ATTRIBUTES = (Public, ); }; };
		E9203BF6201AFB7E00B24583 /* SDWebImageDownloaderOperation.m in Sources */ = {isa = PBXBuildFile; fileRef = E9203BBD201AFB7E00B24583 /* SDWebImageDownloaderOperation.m */; };
		E9203BF7201AFB7E00B24583 /* SDWebImageTransition.m in Sources */ = {isa = PBXBuildFile; fileRef = E9203BBE201AFB7E00B24583 /* SDWebImageTransition.m */; };
		E9203BF8201AFB7E00B24583 /* SDWebImageManager.h in Headers */ = {isa = PBXBuildFile; fileRef = E9203BBF201AFB7E00B24583 /* SDWebImageManager.h */; settings = {ATTRIBUTES = (Public, ); }; };
		E9203BF9201AFB7E00B24583 /* NSData+ImageContentType.m in Sources */ = {isa = PBXBuildFile; fileRef = E9203BC0201AFB7E00B24583 /* NSData+ImageContentType.m */; };
		E9203BFA201AFB7E00B24583 /* UIImageView+WebCache.m in Sources */ = {isa = PBXBuildFile; fileRef = E9203BC1201AFB7E00B24583 /* UIImageView+WebCache.m */; };
		E9203BFB201AFB7E00B24583 /* SDWebImageOperation.h in Headers */ = {isa = PBXBuildFile; fileRef = E9203BC2201AFB7E00B24583 /* SDWebImageOperation.h */; settings = {ATTRIBUTES = (Public, ); }; };
		E9203BFC201AFB7E00B24583 /* NSImage+WebCache.m in Sources */ = {isa = PBXBuildFile; fileRef = E9203BC3201AFB7E00B24583 /* NSImage+WebCache.m */; };
		E9203BFD201AFB7E00B24583 /* SDWebImageGIFCoder.m in Sources */ = {isa = PBXBuildFile; fileRef = E9203BC4201AFB7E00B24583 /* SDWebImageGIFCoder.m */; };
		E9203BFE201AFB7E00B24583 /* SDWebImageDownloader.h in Headers */ = {isa = PBXBuildFile; fileRef = E9203BC5201AFB7E00B24583 /* SDWebImageDownloader.h */; settings = {ATTRIBUTES = (Public, ); }; };
		E9203BFF201AFB7E00B24583 /* SDImageCacheConfig.m in Sources */ = {isa = PBXBuildFile; fileRef = E9203BC6201AFB7E00B24583 /* SDImageCacheConfig.m */; };
		E9203C00201AFB7E00B24583 /* SDWebImageCodersManager.h in Headers */ = {isa = PBXBuildFile; fileRef = E9203BC7201AFB7E00B24583 /* SDWebImageCodersManager.h */; settings = {ATTRIBUTES = (Public, ); }; };
		E9203C01201AFB7E00B24583 /* UIImage+ForceDecode.h in Headers */ = {isa = PBXBuildFile; fileRef = E9203BC8201AFB7E00B24583 /* UIImage+ForceDecode.h */; settings = {ATTRIBUTES = (Public, ); }; };
		E9203C02201AFB7E00B24583 /* UIView+WebCacheOperation.m in Sources */ = {isa = PBXBuildFile; fileRef = E9203BC9201AFB7E00B24583 /* UIView+WebCacheOperation.m */; };
		E9203C03201AFB7E00B24583 /* UIView+WebCache.m in Sources */ = {isa = PBXBuildFile; fileRef = E9203BCA201AFB7E00B24583 /* UIView+WebCache.m */; };
		E9203C04201AFB7E00B24583 /* SDWebImagePrefetcher.h in Headers */ = {isa = PBXBuildFile; fileRef = E9203BCB201AFB7E00B24583 /* SDWebImagePrefetcher.h */; settings = {ATTRIBUTES = (Public, ); }; };
		E9203C05201AFB7E00B24583 /* SDWebImageImageIOCoder.m in Sources */ = {isa = PBXBuildFile; fileRef = E9203BCC201AFB7E00B24583 /* SDWebImageImageIOCoder.m */; };
		E9203C06201AFB7E00B24583 /* SDWebImageCompat.h in Headers */ = {isa = PBXBuildFile; fileRef = E9203BCD201AFB7E00B24583 /* SDWebImageCompat.h */; settings = {ATTRIBUTES = (Public, ); }; };
		E9203C07201AFB7E00B24583 /* SDWebImageCoderHelper.h in Headers */ = {isa = PBXBuildFile; fileRef = E9203BCE201AFB7E00B24583 /* SDWebImageCoderHelper.h */; settings = {ATTRIBUTES = (Public, ); }; };
		E9203C08201AFB7E00B24583 /* UIImage+MultiFormat.h in Headers */ = {isa = PBXBuildFile; fileRef = E9203BCF201AFB7E00B24583 /* UIImage+MultiFormat.h */; settings = {ATTRIBUTES = (Public, ); }; };
		E9203C09201AFB7E00B24583 /* UIButton+WebCache.m in Sources */ = {isa = PBXBuildFile; fileRef = E9203BD0201AFB7E00B24583 /* UIButton+WebCache.m */; };
		E9203C0A201AFB7E00B24583 /* SDWebImageWebPCoder.m in Sources */ = {isa = PBXBuildFile; fileRef = E9203BD1201AFB7E00B24583 /* SDWebImageWebPCoder.m */; };
		E9203C0B201AFB7E00B24583 /* UIImage+GIF.h in Headers */ = {isa = PBXBuildFile; fileRef = E9203BD2201AFB7E00B24583 /* UIImage+GIF.h */; settings = {ATTRIBUTES = (Public, ); }; };
		E92BB5651E0E4A55006B63D5 /* SDWebImage.framework in Frameworks */ = {isa = PBXBuildFile; fileRef = E92BB55B1E0E4A55006B63D5 /* SDWebImage.framework */; };
		E92BB56A1E0E4A55006B63D5 /* SDWebImageTests.m in Sources */ = {isa = PBXBuildFile; fileRef = E92BB5691E0E4A55006B63D5 /* SDWebImageTests.m */; };
		E92BB56C1E0E4A55006B63D5 /* SDWebImage.h in Headers */ = {isa = PBXBuildFile; fileRef = E92BB55E1E0E4A55006B63D5 /* SDWebImage.h */; settings = {ATTRIBUTES = (Public, ); }; };
		E92BB5DF1E0E5599006B63D5 /* FLAnimatedImage.h in Headers */ = {isa = PBXBuildFile; fileRef = E92BB5DB1E0E5599006B63D5 /* FLAnimatedImage.h */; settings = {ATTRIBUTES = (Public, ); }; };
		E92BB5E01E0E5599006B63D5 /* FLAnimatedImage.m in Sources */ = {isa = PBXBuildFile; fileRef = E92BB5DC1E0E5599006B63D5 /* FLAnimatedImage.m */; };
		E92BB5E11E0E5599006B63D5 /* FLAnimatedImageView.h in Headers */ = {isa = PBXBuildFile; fileRef = E92BB5DD1E0E5599006B63D5 /* FLAnimatedImageView.h */; settings = {ATTRIBUTES = (Public, ); }; };
		E92BB5E21E0E5599006B63D5 /* FLAnimatedImageView.m in Sources */ = {isa = PBXBuildFile; fileRef = E92BB5DE1E0E5599006B63D5 /* FLAnimatedImageView.m */; };
/* End PBXBuildFile section */

/* Begin PBXContainerItemProxy section */
		E92BB5661E0E4A55006B63D5 /* PBXContainerItemProxy */ = {
			isa = PBXContainerItemProxy;
			containerPortal = E92BB5521E0E4A55006B63D5 /* Project object */;
			proxyType = 1;
			remoteGlobalIDString = E92BB55A1E0E4A55006B63D5;
			remoteInfo = SDWebImage;
		};
/* End PBXContainerItemProxy section */

/* Begin PBXFileReference section */
		E9203B99201AFB7E00B24583 /* UIImage+WebP.m */ = {isa = PBXFileReference; fileEncoding = 4; lastKnownFileType = sourcecode.c.objc; path = "UIImage+WebP.m"; sourceTree = "<group>"; };
		E9203B9A201AFB7E00B24583 /* MKAnnotationView+WebCache.m */ = {isa = PBXFileReference; fileEncoding = 4; lastKnownFileType = sourcecode.c.objc; path = "MKAnnotationView+WebCache.m"; sourceTree = "<group>"; };
		E9203B9B201AFB7E00B24583 /* SDWebImageCoder.h */ = {isa = PBXFileReference; fileEncoding = 4; lastKnownFileType = sourcecode.c.h; path = SDWebImageCoder.h; sourceTree = "<group>"; };
		E9203B9C201AFB7E00B24583 /* NSImage+WebCache.h */ = {isa = PBXFileReference; fileEncoding = 4; lastKnownFileType = sourcecode.c.h; path = "NSImage+WebCache.h"; sourceTree = "<group>"; };
		E9203B9D201AFB7E00B24583 /* UIImageView+WebCache.h */ = {isa = PBXFileReference; fileEncoding = 4; lastKnownFileType = sourcecode.c.h; path = "UIImageView+WebCache.h"; sourceTree = "<group>"; };
		E9203B9E201AFB7E00B24583 /* NSData+ImageContentType.h */ = {isa = PBXFileReference; fileEncoding = 4; lastKnownFileType = sourcecode.c.h; path = "NSData+ImageContentType.h"; sourceTree = "<group>"; };
		E9203B9F201AFB7E00B24583 /* SDWebImageTransition.h */ = {isa = PBXFileReference; fileEncoding = 4; lastKnownFileType = sourcecode.c.h; path = SDWebImageTransition.h; sourceTree = "<group>"; };
		E9203BA0201AFB7E00B24583 /* SDWebImageManager.m */ = {isa = PBXFileReference; fileEncoding = 4; lastKnownFileType = sourcecode.c.objc; path = SDWebImageManager.m; sourceTree = "<group>"; };
		E9203BA1201AFB7E00B24583 /* SDWebImageDownloaderOperation.h */ = {isa = PBXFileReference; fileEncoding = 4; lastKnownFileType = sourcecode.c.h; path = SDWebImageDownloaderOperation.h; sourceTree = "<group>"; };
		E9203BA2201AFB7E00B24583 /* UIImageView+HighlightedWebCache.m */ = {isa = PBXFileReference; fileEncoding = 4; lastKnownFileType = sourcecode.c.objc; path = "UIImageView+HighlightedWebCache.m"; sourceTree = "<group>"; };
		E9203BA3201AFB7E00B24583 /* SDWebImageFrame.m */ = {isa = PBXFileReference; fileEncoding = 4; lastKnownFileType = sourcecode.c.objc; path = SDWebImageFrame.m; sourceTree = "<group>"; };
		E9203BA4201AFB7E00B24583 /* SDImageCache.h */ = {isa = PBXFileReference; fileEncoding = 4; lastKnownFileType = sourcecode.c.h; path = SDImageCache.h; sourceTree = "<group>"; };
		E9203BA5201AFB7E00B24583 /* UIImage+ForceDecode.m */ = {isa = PBXFileReference; fileEncoding = 4; lastKnownFileType = sourcecode.c.objc; path = "UIImage+ForceDecode.m"; sourceTree = "<group>"; };
		E9203BA6201AFB7E00B24583 /* SDImageCacheConfig.h */ = {isa = PBXFileReference; fileEncoding = 4; lastKnownFileType = sourcecode.c.h; path = SDImageCacheConfig.h; sourceTree = "<group>"; };
		E9203BA7201AFB7E00B24583 /* SDWebImageCodersManager.m */ = {isa = PBXFileReference; fileEncoding = 4; lastKnownFileType = sourcecode.c.objc; path = SDWebImageCodersManager.m; sourceTree = "<group>"; };
		E9203BA9201AFB7E00B24583 /* FLAnimatedImageView+WebCache.m */ = {isa = PBXFileReference; fileEncoding = 4; lastKnownFileType = sourcecode.c.objc; path = "FLAnimatedImageView+WebCache.m"; sourceTree = "<group>"; };
		E9203BAA201AFB7E00B24583 /* FLAnimatedImageView+WebCache.h */ = {isa = PBXFileReference; fileEncoding = 4; lastKnownFileType = sourcecode.c.h; path = "FLAnimatedImageView+WebCache.h"; sourceTree = "<group>"; };
		E9203BAB201AFB7E00B24583 /* SDWebImageDownloader.m */ = {isa = PBXFileReference; fileEncoding = 4; lastKnownFileType = sourcecode.c.objc; path = SDWebImageDownloader.m; sourceTree = "<group>"; };
		E9203BAC201AFB7E00B24583 /* SDWebImageGIFCoder.h */ = {isa = PBXFileReference; fileEncoding = 4; lastKnownFileType = sourcecode.c.h; path = SDWebImageGIFCoder.h; sourceTree = "<group>"; };
		E9203BAD201AFB7E00B24583 /* SDWebImageWebPCoder.h */ = {isa = PBXFileReference; fileEncoding = 4; lastKnownFileType = sourcecode.c.h; path = SDWebImageWebPCoder.h; sourceTree = "<group>"; };
		E9203BAE201AFB7E00B24583 /* UIImage+GIF.m */ = {isa = PBXFileReference; fileEncoding = 4; lastKnownFileType = sourcecode.c.objc; path = "UIImage+GIF.m"; sourceTree = "<group>"; };
		E9203BAF201AFB7E00B24583 /* UIButton+WebCache.h */ = {isa = PBXFileReference; fileEncoding = 4; lastKnownFileType = sourcecode.c.h; path = "UIButton+WebCache.h"; sourceTree = "<group>"; };
		E9203BB0201AFB7E00B24583 /* UIImage+MultiFormat.m */ = {isa = PBXFileReference; fileEncoding = 4; lastKnownFileType = sourcecode.c.objc; path = "UIImage+MultiFormat.m"; sourceTree = "<group>"; };
		E9203BB1201AFB7E00B24583 /* SDWebImageCoderHelper.m */ = {isa = PBXFileReference; fileEncoding = 4; lastKnownFileType = sourcecode.c.objc; path = SDWebImageCoderHelper.m; sourceTree = "<group>"; };
		E9203BB2201AFB7E00B24583 /* SDWebImageCompat.m */ = {isa = PBXFileReference; fileEncoding = 4; lastKnownFileType = sourcecode.c.objc; path = SDWebImageCompat.m; sourceTree = "<group>"; };
		E9203BB3201AFB7E00B24583 /* SDWebImageImageIOCoder.h */ = {isa = PBXFileReference; fileEncoding = 4; lastKnownFileType = sourcecode.c.h; path = SDWebImageImageIOCoder.h; sourceTree = "<group>"; };
		E9203BB4201AFB7E00B24583 /* SDWebImagePrefetcher.m */ = {isa = PBXFileReference; fileEncoding = 4; lastKnownFileType = sourcecode.c.objc; path = SDWebImagePrefetcher.m; sourceTree = "<group>"; };
		E9203BB5201AFB7E00B24583 /* UIView+WebCache.h */ = {isa = PBXFileReference; fileEncoding = 4; lastKnownFileType = sourcecode.c.h; path = "UIView+WebCache.h"; sourceTree = "<group>"; };
		E9203BB6201AFB7E00B24583 /* UIView+WebCacheOperation.h */ = {isa = PBXFileReference; fileEncoding = 4; lastKnownFileType = sourcecode.c.h; path = "UIView+WebCacheOperation.h"; sourceTree = "<group>"; };
		E9203BB7201AFB7E00B24583 /* SDWebImageCoder.m */ = {isa = PBXFileReference; fileEncoding = 4; lastKnownFileType = sourcecode.c.objc; path = SDWebImageCoder.m; sourceTree = "<group>"; };
		E9203BB8201AFB7E00B24583 /* MKAnnotationView+WebCache.h */ = {isa = PBXFileReference; fileEncoding = 4; lastKnownFileType = sourcecode.c.h; path = "MKAnnotationView+WebCache.h"; sourceTree = "<group>"; };
		E9203BB9201AFB7E00B24583 /* UIImage+WebP.h */ = {isa = PBXFileReference; fileEncoding = 4; lastKnownFileType = sourcecode.c.h; path = "UIImage+WebP.h"; sourceTree = "<group>"; };
		E9203BBA201AFB7E00B24583 /* SDImageCache.m */ = {isa = PBXFileReference; fileEncoding = 4; lastKnownFileType = sourcecode.c.objc; path = SDImageCache.m; sourceTree = "<group>"; };
		E9203BBB201AFB7E00B24583 /* SDWebImageFrame.h */ = {isa = PBXFileReference; fileEncoding = 4; lastKnownFileType = sourcecode.c.h; path = SDWebImageFrame.h; sourceTree = "<group>"; };
		E9203BBC201AFB7E00B24583 /* UIImageView+HighlightedWebCache.h */ = {isa = PBXFileReference; fileEncoding = 4; lastKnownFileType = sourcecode.c.h; path = "UIImageView+HighlightedWebCache.h"; sourceTree = "<group>"; };
		E9203BBD201AFB7E00B24583 /* SDWebImageDownloaderOperation.m */ = {isa = PBXFileReference; fileEncoding = 4; lastKnownFileType = sourcecode.c.objc; path = SDWebImageDownloaderOperation.m; sourceTree = "<group>"; };
		E9203BBE201AFB7E00B24583 /* SDWebImageTransition.m */ = {isa = PBXFileReference; fileEncoding = 4; lastKnownFileType = sourcecode.c.objc; path = SDWebImageTransition.m; sourceTree = "<group>"; };
		E9203BBF201AFB7E00B24583 /* SDWebImageManager.h */ = {isa = PBXFileReference; fileEncoding = 4; lastKnownFileType = sourcecode.c.h; path = SDWebImageManager.h; sourceTree = "<group>"; };
		E9203BC0201AFB7E00B24583 /* NSData+ImageContentType.m */ = {isa = PBXFileReference; fileEncoding = 4; lastKnownFileType = sourcecode.c.objc; path = "NSData+ImageContentType.m"; sourceTree = "<group>"; };
		E9203BC1201AFB7E00B24583 /* UIImageView+WebCache.m */ = {isa = PBXFileReference; fileEncoding = 4; lastKnownFileType = sourcecode.c.objc; path = "UIImageView+WebCache.m"; sourceTree = "<group>"; };
		E9203BC2201AFB7E00B24583 /* SDWebImageOperation.h */ = {isa = PBXFileReference; fileEncoding = 4; lastKnownFileType = sourcecode.c.h; path = SDWebImageOperation.h; sourceTree = "<group>"; };
		E9203BC3201AFB7E00B24583 /* NSImage+WebCache.m */ = {isa = PBXFileReference; fileEncoding = 4; lastKnownFileType = sourcecode.c.objc; path = "NSImage+WebCache.m"; sourceTree = "<group>"; };
		E9203BC4201AFB7E00B24583 /* SDWebImageGIFCoder.m */ = {isa = PBXFileReference; fileEncoding = 4; lastKnownFileType = sourcecode.c.objc; path = SDWebImageGIFCoder.m; sourceTree = "<group>"; };
		E9203BC5201AFB7E00B24583 /* SDWebImageDownloader.h */ = {isa = PBXFileReference; fileEncoding = 4; lastKnownFileType = sourcecode.c.h; path = SDWebImageDownloader.h; sourceTree = "<group>"; };
		E9203BC6201AFB7E00B24583 /* SDImageCacheConfig.m */ = {isa = PBXFileReference; fileEncoding = 4; lastKnownFileType = sourcecode.c.objc; path = SDImageCacheConfig.m; sourceTree = "<group>"; };
		E9203BC7201AFB7E00B24583 /* SDWebImageCodersManager.h */ = {isa = PBXFileReference; fileEncoding = 4; lastKnownFileType = sourcecode.c.h; path = SDWebImageCodersManager.h; sourceTree = "<group>"; };
		E9203BC8201AFB7E00B24583 /* UIImage+ForceDecode.h */ = {isa = PBXFileReference; fileEncoding = 4; lastKnownFileType = sourcecode.c.h; path = "UIImage+ForceDecode.h"; sourceTree = "<group>"; };
		E9203BC9201AFB7E00B24583 /* UIView+WebCacheOperation.m */ = {isa = PBXFileReference; fileEncoding = 4; lastKnownFileType = sourcecode.c.objc; path = "UIView+WebCacheOperation.m"; sourceTree = "<group>"; };
		E9203BCA201AFB7E00B24583 /* UIView+WebCache.m */ = {isa = PBXFileReference; fileEncoding = 4; lastKnownFileType = sourcecode.c.objc; path = "UIView+WebCache.m"; sourceTree = "<group>"; };
		E9203BCB201AFB7E00B24583 /* SDWebImagePrefetcher.h */ = {isa = PBXFileReference; fileEncoding = 4; lastKnownFileType = sourcecode.c.h; path = SDWebImagePrefetcher.h; sourceTree = "<group>"; };
		E9203BCC201AFB7E00B24583 /* SDWebImageImageIOCoder.m */ = {isa = PBXFileReference; fileEncoding = 4; lastKnownFileType = sourcecode.c.objc; path = SDWebImageImageIOCoder.m; sourceTree = "<group>"; };
		E9203BCD201AFB7E00B24583 /* SDWebImageCompat.h */ = {isa = PBXFileReference; fileEncoding = 4; lastKnownFileType = sourcecode.c.h; path = SDWebImageCompat.h; sourceTree = "<group>"; };
		E9203BCE201AFB7E00B24583 /* SDWebImageCoderHelper.h */ = {isa = PBXFileReference; fileEncoding = 4; lastKnownFileType = sourcecode.c.h; path = SDWebImageCoderHelper.h; sourceTree = "<group>"; };
		E9203BCF201AFB7E00B24583 /* UIImage+MultiFormat.h */ = {isa = PBXFileReference; fileEncoding = 4; lastKnownFileType = sourcecode.c.h; path = "UIImage+MultiFormat.h"; sourceTree = "<group>"; };
		E9203BD0201AFB7E00B24583 /* UIButton+WebCache.m */ = {isa = PBXFileReference; fileEncoding = 4; lastKnownFileType = sourcecode.c.objc; path = "UIButton+WebCache.m"; sourceTree = "<group>"; };
		E9203BD1201AFB7E00B24583 /* SDWebImageWebPCoder.m */ = {isa = PBXFileReference; fileEncoding = 4; lastKnownFileType = sourcecode.c.objc; path = SDWebImageWebPCoder.m; sourceTree = "<group>"; };
		E9203BD2201AFB7E00B24583 /* UIImage+GIF.h */ = {isa = PBXFileReference; fileEncoding = 4; lastKnownFileType = sourcecode.c.h; path = "UIImage+GIF.h"; sourceTree = "<group>"; };
		E92BB55B1E0E4A55006B63D5 /* SDWebImage.framework */ = {isa = PBXFileReference; explicitFileType = wrapper.framework; includeInIndex = 0; path = SDWebImage.framework; sourceTree = BUILT_PRODUCTS_DIR; };
		E92BB55E1E0E4A55006B63D5 /* SDWebImage.h */ = {isa = PBXFileReference; lastKnownFileType = sourcecode.c.h; path = SDWebImage.h; sourceTree = "<group>"; };
		E92BB55F1E0E4A55006B63D5 /* Info.plist */ = {isa = PBXFileReference; lastKnownFileType = text.plist.xml; path = Info.plist; sourceTree = "<group>"; };
		E92BB5641E0E4A55006B63D5 /* SDWebImageTests.xctest */ = {isa = PBXFileReference; explicitFileType = wrapper.cfbundle; includeInIndex = 0; path = SDWebImageTests.xctest; sourceTree = BUILT_PRODUCTS_DIR; };
		E92BB5691E0E4A55006B63D5 /* SDWebImageTests.m */ = {isa = PBXFileReference; lastKnownFileType = sourcecode.c.objc; path = SDWebImageTests.m; sourceTree = "<group>"; };
		E92BB56B1E0E4A55006B63D5 /* Info.plist */ = {isa = PBXFileReference; lastKnownFileType = text.plist.xml; path = Info.plist; sourceTree = "<group>"; };
		E92BB57A1E0E4AD9006B63D5 /* README.md */ = {isa = PBXFileReference; fileEncoding = 4; lastKnownFileType = net.daringfireball.markdown; name = README.md; path = ../../README.md; sourceTree = "<group>"; };
		E92BB5DB1E0E5599006B63D5 /* FLAnimatedImage.h */ = {isa = PBXFileReference; fileEncoding = 4; lastKnownFileType = sourcecode.c.h; path = FLAnimatedImage.h; sourceTree = "<group>"; };
		E92BB5DC1E0E5599006B63D5 /* FLAnimatedImage.m */ = {isa = PBXFileReference; fileEncoding = 4; lastKnownFileType = sourcecode.c.objc; path = FLAnimatedImage.m; sourceTree = "<group>"; };
		E92BB5DD1E0E5599006B63D5 /* FLAnimatedImageView.h */ = {isa = PBXFileReference; fileEncoding = 4; lastKnownFileType = sourcecode.c.h; path = FLAnimatedImageView.h; sourceTree = "<group>"; };
		E92BB5DE1E0E5599006B63D5 /* FLAnimatedImageView.m */ = {isa = PBXFileReference; fileEncoding = 4; lastKnownFileType = sourcecode.c.objc; path = FLAnimatedImageView.m; sourceTree = "<group>"; };
/* End PBXFileReference section */

/* Begin PBXFrameworksBuildPhase section */
		E92BB5571E0E4A55006B63D5 /* Frameworks */ = {
			isa = PBXFrameworksBuildPhase;
			buildActionMask = 2147483647;
			files = (
			);
			runOnlyForDeploymentPostprocessing = 0;
		};
		E92BB5611E0E4A55006B63D5 /* Frameworks */ = {
			isa = PBXFrameworksBuildPhase;
			buildActionMask = 2147483647;
			files = (
				E92BB5651E0E4A55006B63D5 /* SDWebImage.framework in Frameworks */,
			);
			runOnlyForDeploymentPostprocessing = 0;
		};
/* End PBXFrameworksBuildPhase section */

/* Begin PBXGroup section */
		E9203B98201AFB7E00B24583 /* SDWebImage */ = {
			isa = PBXGroup;
			children = (
				E9203B99201AFB7E00B24583 /* UIImage+WebP.m */,
				E9203B9A201AFB7E00B24583 /* MKAnnotationView+WebCache.m */,
				E9203B9B201AFB7E00B24583 /* SDWebImageCoder.h */,
				E9203B9C201AFB7E00B24583 /* NSImage+WebCache.h */,
				E9203B9D201AFB7E00B24583 /* UIImageView+WebCache.h */,
				E9203B9E201AFB7E00B24583 /* NSData+ImageContentType.h */,
				E9203B9F201AFB7E00B24583 /* SDWebImageTransition.h */,
				E9203BA0201AFB7E00B24583 /* SDWebImageManager.m */,
				E9203BA1201AFB7E00B24583 /* SDWebImageDownloaderOperation.h */,
				E9203BA2201AFB7E00B24583 /* UIImageView+HighlightedWebCache.m */,
				E9203BA3201AFB7E00B24583 /* SDWebImageFrame.m */,
				E9203BA4201AFB7E00B24583 /* SDImageCache.h */,
				E9203BA5201AFB7E00B24583 /* UIImage+ForceDecode.m */,
				E9203BA6201AFB7E00B24583 /* SDImageCacheConfig.h */,
				E9203BA7201AFB7E00B24583 /* SDWebImageCodersManager.m */,
				E9203BA8201AFB7E00B24583 /* FLAnimatedImage */,
				E9203BAB201AFB7E00B24583 /* SDWebImageDownloader.m */,
				E9203BAC201AFB7E00B24583 /* SDWebImageGIFCoder.h */,
				E9203BAD201AFB7E00B24583 /* SDWebImageWebPCoder.h */,
				E9203BAE201AFB7E00B24583 /* UIImage+GIF.m */,
				E9203BAF201AFB7E00B24583 /* UIButton+WebCache.h */,
				E9203BB0201AFB7E00B24583 /* UIImage+MultiFormat.m */,
				E9203BB1201AFB7E00B24583 /* SDWebImageCoderHelper.m */,
				E9203BB2201AFB7E00B24583 /* SDWebImageCompat.m */,
				E9203BB3201AFB7E00B24583 /* SDWebImageImageIOCoder.h */,
				E9203BB4201AFB7E00B24583 /* SDWebImagePrefetcher.m */,
				E9203BB5201AFB7E00B24583 /* UIView+WebCache.h */,
				E9203BB6201AFB7E00B24583 /* UIView+WebCacheOperation.h */,
				E9203BB7201AFB7E00B24583 /* SDWebImageCoder.m */,
				E9203BB8201AFB7E00B24583 /* MKAnnotationView+WebCache.h */,
				E9203BB9201AFB7E00B24583 /* UIImage+WebP.h */,
				E9203BBA201AFB7E00B24583 /* SDImageCache.m */,
				E9203BBB201AFB7E00B24583 /* SDWebImageFrame.h */,
				E9203BBC201AFB7E00B24583 /* UIImageView+HighlightedWebCache.h */,
				E9203BBD201AFB7E00B24583 /* SDWebImageDownloaderOperation.m */,
				E9203BBE201AFB7E00B24583 /* SDWebImageTransition.m */,
				E9203BBF201AFB7E00B24583 /* SDWebImageManager.h */,
				E9203BC0201AFB7E00B24583 /* NSData+ImageContentType.m */,
				E9203BC1201AFB7E00B24583 /* UIImageView+WebCache.m */,
				E9203BC2201AFB7E00B24583 /* SDWebImageOperation.h */,
				E9203BC3201AFB7E00B24583 /* NSImage+WebCache.m */,
				E9203BC4201AFB7E00B24583 /* SDWebImageGIFCoder.m */,
				E9203BC5201AFB7E00B24583 /* SDWebImageDownloader.h */,
				E9203BC6201AFB7E00B24583 /* SDImageCacheConfig.m */,
				E9203BC7201AFB7E00B24583 /* SDWebImageCodersManager.h */,
				E9203BC8201AFB7E00B24583 /* UIImage+ForceDecode.h */,
				E9203BC9201AFB7E00B24583 /* UIView+WebCacheOperation.m */,
				E9203BCA201AFB7E00B24583 /* UIView+WebCache.m */,
				E9203BCB201AFB7E00B24583 /* SDWebImagePrefetcher.h */,
				E9203BCC201AFB7E00B24583 /* SDWebImageImageIOCoder.m */,
				E9203BCD201AFB7E00B24583 /* SDWebImageCompat.h */,
				E9203BCE201AFB7E00B24583 /* SDWebImageCoderHelper.h */,
				E9203BCF201AFB7E00B24583 /* UIImage+MultiFormat.h */,
				E9203BD0201AFB7E00B24583 /* UIButton+WebCache.m */,
				E9203BD1201AFB7E00B24583 /* SDWebImageWebPCoder.m */,
				E9203BD2201AFB7E00B24583 /* UIImage+GIF.h */,
			);
			path = SDWebImage;
			sourceTree = "<group>";
		};
		E9203BA8201AFB7E00B24583 /* FLAnimatedImage */ = {
			isa = PBXGroup;
			children = (
				E9203BA9201AFB7E00B24583 /* FLAnimatedImageView+WebCache.m */,
				E9203BAA201AFB7E00B24583 /* FLAnimatedImageView+WebCache.h */,
			);
			path = FLAnimatedImage;
			sourceTree = "<group>";
		};
		E92BB5511E0E4A55006B63D5 = {
			isa = PBXGroup;
			children = (
				E92BB55D1E0E4A55006B63D5 /* SDWebImage */,
				E92BB5681E0E4A55006B63D5 /* SDWebImageTests */,
				E92BB55C1E0E4A55006B63D5 /* Products */,
			);
			sourceTree = "<group>";
		};
		E92BB55C1E0E4A55006B63D5 /* Products */ = {
			isa = PBXGroup;
			children = (
				E92BB55B1E0E4A55006B63D5 /* SDWebImage.framework */,
				E92BB5641E0E4A55006B63D5 /* SDWebImageTests.xctest */,
			);
			name = Products;
			sourceTree = "<group>";
		};
		E92BB55D1E0E4A55006B63D5 /* SDWebImage */ = {
			isa = PBXGroup;
			children = (
				E9203B98201AFB7E00B24583 /* SDWebImage */,
				E92BB5DA1E0E5599006B63D5 /* FLAnimatedImage */,
				E92BB55E1E0E4A55006B63D5 /* SDWebImage.h */,
				E92BB55F1E0E4A55006B63D5 /* Info.plist */,
				E92BB57A1E0E4AD9006B63D5 /* README.md */,
			);
			path = SDWebImage;
			sourceTree = "<group>";
		};
		E92BB5681E0E4A55006B63D5 /* SDWebImageTests */ = {
			isa = PBXGroup;
			children = (
				E92BB5691E0E4A55006B63D5 /* SDWebImageTests.m */,
				E92BB56B1E0E4A55006B63D5 /* Info.plist */,
			);
			path = SDWebImageTests;
			sourceTree = "<group>";
		};
		E92BB5DA1E0E5599006B63D5 /* FLAnimatedImage */ = {
			isa = PBXGroup;
			children = (
				E92BB5DB1E0E5599006B63D5 /* FLAnimatedImage.h */,
				E92BB5DC1E0E5599006B63D5 /* FLAnimatedImage.m */,
				E92BB5DD1E0E5599006B63D5 /* FLAnimatedImageView.h */,
				E92BB5DE1E0E5599006B63D5 /* FLAnimatedImageView.m */,
			);
			path = FLAnimatedImage;
			sourceTree = "<group>";
		};
/* End PBXGroup section */

/* Begin PBXHeadersBuildPhase section */
		E92BB5581E0E4A55006B63D5 /* Headers */ = {
			isa = PBXHeadersBuildPhase;
			buildActionMask = 2147483647;
			files = (
				E92BB5DF1E0E5599006B63D5 /* FLAnimatedImage.h in Headers */,
				E9203BD6201AFB7E00B24583 /* NSImage+WebCache.h in Headers */,
				E9203BD8201AFB7E00B24583 /* NSData+ImageContentType.h in Headers */,
				E9203BF2201AFB7E00B24583 /* UIImage+WebP.h in Headers */,
				E9203C0B201AFB7E00B24583 /* UIImage+GIF.h in Headers */,
				E9203C01201AFB7E00B24583 /* UIImage+ForceDecode.h in Headers */,
				E9203BF4201AFB7E00B24583 /* SDWebImageFrame.h in Headers */,
				E9203C07201AFB7E00B24583 /* SDWebImageCoderHelper.h in Headers */,
				E9203BE5201AFB7E00B24583 /* SDWebImageGIFCoder.h in Headers */,
				E9203BEC201AFB7E00B24583 /* SDWebImageImageIOCoder.h in Headers */,
				E9203BE6201AFB7E00B24583 /* SDWebImageWebPCoder.h in Headers */,
				E9203BD5201AFB7E00B24583 /* SDWebImageCoder.h in Headers */,
				E9203C00201AFB7E00B24583 /* SDWebImageCodersManager.h in Headers */,
				E9203BF1201AFB7E00B24583 /* MKAnnotationView+WebCache.h in Headers */,
				E9203BE3201AFB7E00B24583 /* FLAnimatedImageView+WebCache.h in Headers */,
				E9203BFE201AFB7E00B24583 /* SDWebImageDownloader.h in Headers */,
				E9203BD9201AFB7E00B24583 /* SDWebImageTransition.h in Headers */,
				E9203BFB201AFB7E00B24583 /* SDWebImageOperation.h in Headers */,
				E9203C08201AFB7E00B24583 /* UIImage+MultiFormat.h in Headers */,
				E9203BEF201AFB7E00B24583 /* UIView+WebCacheOperation.h in Headers */,
				E9203C04201AFB7E00B24583 /* SDWebImagePrefetcher.h in Headers */,
				E9203BE8201AFB7E00B24583 /* UIButton+WebCache.h in Headers */,
				E9203BDB201AFB7E00B24583 /* SDWebImageDownloaderOperation.h in Headers */,
				E9203BF5201AFB7E00B24583 /* UIImageView+HighlightedWebCache.h in Headers */,
				E9203BEE201AFB7E00B24583 /* UIView+WebCache.h in Headers */,
				E9203BD7201AFB7E00B24583 /* UIImageView+WebCache.h in Headers */,
				E9203BDE201AFB7E00B24583 /* SDImageCache.h in Headers */,
				E9203BE0201AFB7E00B24583 /* SDImageCacheConfig.h in Headers */,
				E9203BF8201AFB7E00B24583 /* SDWebImageManager.h in Headers */,
				E9203C06201AFB7E00B24583 /* SDWebImageCompat.h in Headers */,
				E92BB5E11E0E5599006B63D5 /* FLAnimatedImageView.h in Headers */,
				E92BB56C1E0E4A55006B63D5 /* SDWebImage.h in Headers */,
			);
			runOnlyForDeploymentPostprocessing = 0;
		};
/* End PBXHeadersBuildPhase section */

/* Begin PBXNativeTarget section */
		E92BB55A1E0E4A55006B63D5 /* SDWebImage */ = {
			isa = PBXNativeTarget;
			buildConfigurationList = E92BB56F1E0E4A55006B63D5 /* Build configuration list for PBXNativeTarget "SDWebImage" */;
			buildPhases = (
				E92BB5561E0E4A55006B63D5 /* Sources */,
				E92BB5571E0E4A55006B63D5 /* Frameworks */,
				E92BB5581E0E4A55006B63D5 /* Headers */,
				E92BB5591E0E4A55006B63D5 /* Resources */,
			);
			buildRules = (
			);
			dependencies = (
			);
			name = SDWebImage;
			productName = SDWebImage;
			productReference = E92BB55B1E0E4A55006B63D5 /* SDWebImage.framework */;
			productType = "com.apple.product-type.framework";
		};
		E92BB5631E0E4A55006B63D5 /* SDWebImageTests */ = {
			isa = PBXNativeTarget;
			buildConfigurationList = E92BB5721E0E4A55006B63D5 /* Build configuration list for PBXNativeTarget "SDWebImageTests" */;
			buildPhases = (
				E92BB5601E0E4A55006B63D5 /* Sources */,
				E92BB5611E0E4A55006B63D5 /* Frameworks */,
				E92BB5621E0E4A55006B63D5 /* Resources */,
			);
			buildRules = (
			);
			dependencies = (
				E92BB5671E0E4A55006B63D5 /* PBXTargetDependency */,
			);
			name = SDWebImageTests;
			productName = SDWebImageTests;
			productReference = E92BB5641E0E4A55006B63D5 /* SDWebImageTests.xctest */;
			productType = "com.apple.product-type.bundle.unit-test";
		};
/* End PBXNativeTarget section */

/* Begin PBXProject section */
		E92BB5521E0E4A55006B63D5 /* Project object */ = {
			isa = PBXProject;
			attributes = {
				LastUpgradeCheck = 0900;
				ORGANIZATIONNAME = "思源";
				TargetAttributes = {
					E92BB55A1E0E4A55006B63D5 = {
						CreatedOnToolsVersion = 8.2.1;
						ProvisioningStyle = Automatic;
					};
					E92BB5631E0E4A55006B63D5 = {
						CreatedOnToolsVersion = 8.2.1;
						ProvisioningStyle = Automatic;
					};
					E92BB5751E0E4AB7006B63D5 = {
						CreatedOnToolsVersion = 8.2.1;
						ProvisioningStyle = Automatic;
					};
				};
			};
			buildConfigurationList = E92BB5551E0E4A55006B63D5 /* Build configuration list for PBXProject "SDWebImage" */;
			compatibilityVersion = "Xcode 3.2";
			developmentRegion = English;
			hasScannedForEncodings = 0;
			knownRegions = (
				en,
			);
			mainGroup = E92BB5511E0E4A55006B63D5;
			productRefGroup = E92BB55C1E0E4A55006B63D5 /* Products */;
			projectDirPath = "";
			projectRoot = "";
			targets = (
				E92BB55A1E0E4A55006B63D5 /* SDWebImage */,
				E92BB5631E0E4A55006B63D5 /* SDWebImageTests */,
				E92BB5751E0E4AB7006B63D5 /* SDWebImageAgg */,
			);
		};
/* End PBXProject section */

/* Begin PBXResourcesBuildPhase section */
		E92BB5591E0E4A55006B63D5 /* Resources */ = {
			isa = PBXResourcesBuildPhase;
			buildActionMask = 2147483647;
			files = (
			);
			runOnlyForDeploymentPostprocessing = 0;
		};
		E92BB5621E0E4A55006B63D5 /* Resources */ = {
			isa = PBXResourcesBuildPhase;
			buildActionMask = 2147483647;
			files = (
			);
			runOnlyForDeploymentPostprocessing = 0;
		};
/* End PBXResourcesBuildPhase section */

/* Begin PBXShellScriptBuildPhase section */
		E92BB5791E0E4AC7006B63D5 /* ShellScript */ = {
			isa = PBXShellScriptBuildPhase;
			buildActionMask = 2147483647;
			files = (
			);
			inputPaths = (
			);
			outputPaths = (
			);
			runOnlyForDeploymentPostprocessing = 0;
			shellPath = /bin/sh;
			shellScript = "# Sets the target folders and the final framework product.\n# 如果工程名称和Framework的Target名称不一样的话，要自定义FMKNAME\n# 例如: FMK_NAME = \"MyFramework\"\nFMK_NAME=${PROJECT_NAME}\n# Install dir will be the final output to the framework.\n# The following line create it in the root folder of the current project.\nINSTALL_DIR=${SRCROOT}/Products/${FMK_NAME}.framework\n# Working dir will be deleted after the framework creation.\nWRK_DIR=build\nDEVICE_DIR=${WRK_DIR}/Release-iphoneos/${FMK_NAME}.framework\nSIMULATOR_DIR=${WRK_DIR}/Release-iphonesimulator/${FMK_NAME}.framework\n# -configuration ${CONFIGURATION}\n# Clean and Building both architectures.\nxcodebuild -configuration \"Release\" -target \"${FMK_NAME}\" -sdk iphoneos clean build\nxcodebuild -configuration \"Release\" -target \"${FMK_NAME}\" -sdk iphonesimulator clean build\n# Cleaning the oldest.\nif [ -d \"${INSTALL_DIR}\" ]\nthen\nrm -rf \"${INSTALL_DIR}\"\nfi\nmkdir -p \"${INSTALL_DIR}\"\ncp -R \"${DEVICE_DIR}/\" \"${INSTALL_DIR}/\"\n# Uses the Lipo Tool to merge both binary files (i386 + armv6/armv7) into one Universal final product.\nlipo -create \"${DEVICE_DIR}/${FMK_NAME}\" \"${SIMULATOR_DIR}/${FMK_NAME}\" -output \"${INSTALL_DIR}/${FMK_NAME}\"\nrm -r \"${WRK_DIR}\"\nopen \"${INSTALL_DIR}\"";
		};
/* End PBXShellScriptBuildPhase section */

/* Begin PBXSourcesBuildPhase section */
		E92BB5561E0E4A55006B63D5 /* Sources */ = {
			isa = PBXSourcesBuildPhase;
			buildActionMask = 2147483647;
			files = (
				E9203BFA201AFB7E00B24583 /* UIImageView+WebCache.m in Sources */,
				E9203BE9201AFB7E00B24583 /* UIImage+MultiFormat.m in Sources */,
				E9203BF3201AFB7E00B24583 /* SDImageCache.m in Sources */,
				E9203BED201AFB7E00B24583 /* SDWebImagePrefetcher.m in Sources */,
				E9203BF6201AFB7E00B24583 /* SDWebImageDownloaderOperation.m in Sources */,
				E9203C03201AFB7E00B24583 /* UIView+WebCache.m in Sources */,
				E9203BFF201AFB7E00B24583 /* SDImageCacheConfig.m in Sources */,
				E9203BF9201AFB7E00B24583 /* NSData+ImageContentType.m in Sources */,
				E9203BF0201AFB7E00B24583 /* SDWebImageCoder.m in Sources */,
				E9203C0A201AFB7E00B24583 /* SDWebImageWebPCoder.m in Sources */,
				E9203BDC201AFB7E00B24583 /* UIImageView+HighlightedWebCache.m in Sources */,
				E9203BE2201AFB7E00B24583 /* FLAnimatedImageView+WebCache.m in Sources */,
				E9203BDD201AFB7E00B24583 /* SDWebImageFrame.m in Sources */,
				E9203BFC201AFB7E00B24583 /* NSImage+WebCache.m in Sources */,
				E9203BE4201AFB7E00B24583 /* SDWebImageDownloader.m in Sources */,
				E92BB5E01E0E5599006B63D5 /* FLAnimatedImage.m in Sources */,
				E9203C02201AFB7E00B24583 /* UIView+WebCacheOperation.m in Sources */,
				E9203BD4201AFB7E00B24583 /* MKAnnotationView+WebCache.m in Sources */,
				E9203BEB201AFB7E00B24583 /* SDWebImageCompat.m in Sources */,
				E9203BF7201AFB7E00B24583 /* SDWebImageTransition.m in Sources */,
				E9203BE7201AFB7E00B24583 /* UIImage+GIF.m in Sources */,
				E9203BDA201AFB7E00B24583 /* SDWebImageManager.m in Sources */,
				E9203BFD201AFB7E00B24583 /* SDWebImageGIFCoder.m in Sources */,
				E9203BD3201AFB7E00B24583 /* UIImage+WebP.m in Sources */,
				E9203BE1201AFB7E00B24583 /* SDWebImageCodersManager.m in Sources */,
				E92BB5E21E0E5599006B63D5 /* FLAnimatedImageView.m in Sources */,
				E9203BDF201AFB7E00B24583 /* UIImage+ForceDecode.m in Sources */,
				E9203BEA201AFB7E00B24583 /* SDWebImageCoderHelper.m in Sources */,
				E9203C09201AFB7E00B24583 /* UIButton+WebCache.m in Sources */,
				E9203C05201AFB7E00B24583 /* SDWebImageImageIOCoder.m in Sources */,
			);
			runOnlyForDeploymentPostprocessing = 0;
		};
		E92BB5601E0E4A55006B63D5 /* Sources */ = {
			isa = PBXSourcesBuildPhase;
			buildActionMask = 2147483647;
			files = (
				E92BB56A1E0E4A55006B63D5 /* SDWebImageTests.m in Sources */,
			);
			runOnlyForDeploymentPostprocessing = 0;
		};
/* End PBXSourcesBuildPhase section */

/* Begin PBXTargetDependency section */
		E92BB5671E0E4A55006B63D5 /* PBXTargetDependency */ = {
			isa = PBXTargetDependency;
			target = E92BB55A1E0E4A55006B63D5 /* SDWebImage */;
			targetProxy = E92BB5661E0E4A55006B63D5 /* PBXContainerItemProxy */;
		};
/* End PBXTargetDependency section */

/* Begin XCBuildConfiguration section */
		E92BB56D1E0E4A55006B63D5 /* Debug */ = {
			isa = XCBuildConfiguration;
			buildSettings = {
				ALWAYS_SEARCH_USER_PATHS = NO;
				CLANG_ANALYZER_NONNULL = YES;
				CLANG_CXX_LANGUAGE_STANDARD = "gnu++0x";
				CLANG_CXX_LIBRARY = "libc++";
				CLANG_ENABLE_MODULES = YES;
				CLANG_ENABLE_OBJC_ARC = YES;
				CLANG_WARN_BLOCK_CAPTURE_AUTORELEASING = YES;
				CLANG_WARN_BOOL_CONVERSION = YES;
				CLANG_WARN_COMMA = YES;
				CLANG_WARN_CONSTANT_CONVERSION = YES;
				CLANG_WARN_DIRECT_OBJC_ISA_USAGE = YES_ERROR;
				CLANG_WARN_DOCUMENTATION_COMMENTS = YES;
				CLANG_WARN_EMPTY_BODY = YES;
				CLANG_WARN_ENUM_CONVERSION = YES;
				CLANG_WARN_INFINITE_RECURSION = YES;
				CLANG_WARN_INT_CONVERSION = YES;
				CLANG_WARN_NON_LITERAL_NULL_CONVERSION = YES;
				CLANG_WARN_OBJC_LITERAL_CONVERSION = YES;
				CLANG_WARN_OBJC_ROOT_CLASS = YES_ERROR;
				CLANG_WARN_RANGE_LOOP_ANALYSIS = YES;
				CLANG_WARN_STRICT_PROTOTYPES = YES;
				CLANG_WARN_SUSPICIOUS_MOVE = YES;
				CLANG_WARN_UNREACHABLE_CODE = YES;
				CLANG_WARN__DUPLICATE_METHOD_MATCH = YES;
				"CODE_SIGN_IDENTITY[sdk=iphoneos*]" = "iPhone Developer";
				COPY_PHASE_STRIP = NO;
				CURRENT_PROJECT_VERSION = 1;
				DEBUG_INFORMATION_FORMAT = dwarf;
				ENABLE_STRICT_OBJC_MSGSEND = YES;
				ENABLE_TESTABILITY = YES;
				GCC_C_LANGUAGE_STANDARD = gnu99;
				GCC_DYNAMIC_NO_PIC = NO;
				GCC_NO_COMMON_BLOCKS = YES;
				GCC_OPTIMIZATION_LEVEL = 0;
				GCC_PREPROCESSOR_DEFINITIONS = (
					"DEBUG=1",
					"$(inherited)",
				);
				GCC_WARN_64_TO_32_BIT_CONVERSION = YES;
				GCC_WARN_ABOUT_RETURN_TYPE = YES_ERROR;
				GCC_WARN_UNDECLARED_SELECTOR = YES;
				GCC_WARN_UNINITIALIZED_AUTOS = YES_AGGRESSIVE;
				GCC_WARN_UNUSED_FUNCTION = YES;
				GCC_WARN_UNUSED_VARIABLE = YES;
				IPHONEOS_DEPLOYMENT_TARGET = 11.2;
				MTL_ENABLE_DEBUG_INFO = YES;
				ONLY_ACTIVE_ARCH = YES;
				SDKROOT = iphoneos;
				TARGETED_DEVICE_FAMILY = "1,2";
				VERSIONING_SYSTEM = "apple-generic";
				VERSION_INFO_PREFIX = "";
			};
			name = Debug;
		};
		E92BB56E1E0E4A55006B63D5 /* Release */ = {
			isa = XCBuildConfiguration;
			buildSettings = {
				ALWAYS_SEARCH_USER_PATHS = NO;
				CLANG_ANALYZER_NONNULL = YES;
				CLANG_CXX_LANGUAGE_STANDARD = "gnu++0x";
				CLANG_CXX_LIBRARY = "libc++";
				CLANG_ENABLE_MODULES = YES;
				CLANG_ENABLE_OBJC_ARC = YES;
				CLANG_WARN_BLOCK_CAPTURE_AUTORELEASING = YES;
				CLANG_WARN_BOOL_CONVERSION = YES;
				CLANG_WARN_COMMA = YES;
				CLANG_WARN_CONSTANT_CONVERSION = YES;
				CLANG_WARN_DIRECT_OBJC_ISA_USAGE = YES_ERROR;
				CLANG_WARN_DOCUMENTATION_COMMENTS = YES;
				CLANG_WARN_EMPTY_BODY = YES;
				CLANG_WARN_ENUM_CONVERSION = YES;
				CLANG_WARN_INFINITE_RECURSION = YES;
				CLANG_WARN_INT_CONVERSION = YES;
				CLANG_WARN_NON_LITERAL_NULL_CONVERSION = YES;
				CLANG_WARN_OBJC_LITERAL_CONVERSION = YES;
				CLANG_WARN_OBJC_ROOT_CLASS = YES_ERROR;
				CLANG_WARN_RANGE_LOOP_ANALYSIS = YES;
				CLANG_WARN_STRICT_PROTOTYPES = YES;
				CLANG_WARN_SUSPICIOUS_MOVE = YES;
				CLANG_WARN_UNREACHABLE_CODE = YES;
				CLANG_WARN__DUPLICATE_METHOD_MATCH = YES;
				"CODE_SIGN_IDENTITY[sdk=iphoneos*]" = "iPhone Developer";
				COPY_PHASE_STRIP = NO;
				CURRENT_PROJECT_VERSION = 1;
				DEBUG_INFORMATION_FORMAT = "dwarf-with-dsym";
				ENABLE_NS_ASSERTIONS = NO;
				ENABLE_STRICT_OBJC_MSGSEND = YES;
				GCC_C_LANGUAGE_STANDARD = gnu99;
				GCC_NO_COMMON_BLOCKS = YES;
				GCC_WARN_64_TO_32_BIT_CONVERSION = YES;
				GCC_WARN_ABOUT_RETURN_TYPE = YES_ERROR;
				GCC_WARN_UNDECLARED_SELECTOR = YES;
				GCC_WARN_UNINITIALIZED_AUTOS = YES_AGGRESSIVE;
				GCC_WARN_UNUSED_FUNCTION = YES;
				GCC_WARN_UNUSED_VARIABLE = YES;
				IPHONEOS_DEPLOYMENT_TARGET = 11.2;
				MTL_ENABLE_DEBUG_INFO = NO;
				SDKROOT = iphoneos;
				TARGETED_DEVICE_FAMILY = "1,2";
				VALIDATE_PRODUCT = YES;
				VERSIONING_SYSTEM = "apple-generic";
				VERSION_INFO_PREFIX = "";
			};
			name = Release;
		};
		E92BB5701E0E4A55006B63D5 /* Debug */ = {
			isa = XCBuildConfiguration;
			buildSettings = {
				CODE_SIGN_IDENTITY = "";
				DEFINES_MODULE = YES;
				DYLIB_COMPATIBILITY_VERSION = 1;
				DYLIB_CURRENT_VERSION = 1;
				DYLIB_INSTALL_NAME_BASE = "@rpath";
				INFOPLIST_FILE = SDWebImage/Info.plist;
				INSTALL_PATH = "$(LOCAL_LIBRARY_DIR)/Frameworks";
				IPHONEOS_DEPLOYMENT_TARGET = 9.0;
				LD_RUNPATH_SEARCH_PATHS = "$(inherited) @executable_path/Frameworks @loader_path/Frameworks";
				MACH_O_TYPE = staticlib;
				OTHER_CFLAGS = "-fembed-bitcode";
				OTHER_LDFLAGS = "-fembed-bitcode";
				PRODUCT_BUNDLE_IDENTIFIER = com.syswin.SDWebImage;
				PRODUCT_NAME = "$(TARGET_NAME)";
				SKIP_INSTALL = YES;
			};
			name = Debug;
		};
		E92BB5711E0E4A55006B63D5 /* Release */ = {
			isa = XCBuildConfiguration;
			buildSettings = {
				CODE_SIGN_IDENTITY = "";
				DEFINES_MODULE = YES;
				DYLIB_COMPATIBILITY_VERSION = 1;
				DYLIB_CURRENT_VERSION = 1;
				DYLIB_INSTALL_NAME_BASE = "@rpath";
				INFOPLIST_FILE = SDWebImage/Info.plist;
				INSTALL_PATH = "$(LOCAL_LIBRARY_DIR)/Frameworks";
				IPHONEOS_DEPLOYMENT_TARGET = 9.0;
				LD_RUNPATH_SEARCH_PATHS = "$(inherited) @executable_path/Frameworks @loader_path/Frameworks";
				MACH_O_TYPE = staticlib;
				OTHER_CFLAGS = "-fembed-bitcode";
				OTHER_LDFLAGS = "-fembed-bitcode";
				PRODUCT_BUNDLE_IDENTIFIER = com.syswin.SDWebImage;
				PRODUCT_NAME = "$(TARGET_NAME)";
				SKIP_INSTALL = YES;
			};
			name = Release;
		};
		E92BB5731E0E4A55006B63D5 /* Debug */ = {
			isa = XCBuildConfiguration;
			buildSettings = {
				INFOPLIST_FILE = SDWebImageTests/Info.plist;
				LD_RUNPATH_SEARCH_PATHS = "$(inherited) @executable_path/Frameworks @loader_path/Frameworks";
				PRODUCT_BUNDLE_IDENTIFIER = com.syswin.SDWebImageTests;
				PRODUCT_NAME = "$(TARGET_NAME)";
			};
			name = Debug;
		};
		E92BB5741E0E4A55006B63D5 /* Release */ = {
			isa = XCBuildConfiguration;
			buildSettings = {
				INFOPLIST_FILE = SDWebImageTests/Info.plist;
				LD_RUNPATH_SEARCH_PATHS = "$(inherited) @executable_path/Frameworks @loader_path/Frameworks";
				PRODUCT_BUNDLE_IDENTIFIER = com.syswin.SDWebImageTests;
				PRODUCT_NAME = "$(TARGET_NAME)";
			};
			name = Release;
		};
		E92BB5771E0E4AB7006B63D5 /* Debug */ = {
			isa = XCBuildConfiguration;
			buildSettings = {
				MACH_O_TYPE = staticlib;
				OTHER_CFLAGS = "-fembed-bitcode";
				OTHER_LDFLAGS = "-fembed-bitcode";
				PRODUCT_NAME = "$(TARGET_NAME)";
			};
			name = Debug;
		};
		E92BB5781E0E4AB7006B63D5 /* Release */ = {
			isa = XCBuildConfiguration;
			buildSettings = {
				MACH_O_TYPE = staticlib;
				OTHER_CFLAGS = "-fembed-bitcode";
				OTHER_LDFLAGS = "-fembed-bitcode";
				PRODUCT_NAME = "$(TARGET_NAME)";
			};
			name = Release;
		};
/* End XCBuildConfiguration section */

/* Begin XCConfigurationList section */
		E92BB5551E0E4A55006B63D5 /* Build configuration list for PBXProject "SDWebImage" */ = {
			isa = XCConfigurationList;
			buildConfigurations = (
				E92BB56D1E0E4A55006B63D5 /* Debug */,
				E92BB56E1E0E4A55006B63D5 /* Release */,
			);
			defaultConfigurationIsVisible = 0;
			defaultConfigurationName = Release;
		};
		E92BB56F1E0E4A55006B63D5 /* Build configuration list for PBXNativeTarget "SDWebImage" */ = {
			isa = XCConfigurationList;
			buildConfigurations = (
				E92BB5701E0E4A55006B63D5 /* Debug */,
				E92BB5711E0E4A55006B63D5 /* Release */,
			);
			defaultConfigurationIsVisible = 0;
			defaultConfigurationName = Release;
		};
		E92BB5721E0E4A55006B63D5 /* Build configuration list for PBXNativeTarget "SDWebImageTests" */ = {
			isa = XCConfigurationList;
			buildConfigurations = (
				E92BB5731E0E4A55006B63D5 /* Debug */,
				E92BB5741E0E4A55006B63D5 /* Release */,
			);
			defaultConfigurationIsVisible = 0;
			defaultConfigurationName = Release;
		};
		E92BB5761E0E4AB7006B63D5 /* Build configuration list for PBXAggregateTarget "SDWebImageAgg" */ = {
			isa = XCConfigurationList;
			buildConfigurations = (
				E92BB5771E0E4AB7006B63D5 /* Debug */,
				E92BB5781E0E4AB7006B63D5 /* Release */,
			);
			defaultConfigurationIsVisible = 0;
			defaultConfigurationName = Release;
		};
/* End XCConfigurationList section */
	};
	rootObject = E92BB5521E0E4A55006B63D5 /* Project object */;
}
